[[package]]
name = "atomicwrites"
version = "1.4.1"
description = "Atomic file writes."
category = "dev"
optional = false
python-versions = ">=2.7, !=3.0.*, !=3.1.*, !=3.2.*, !=3.3.*"

[[package]]
name = "attrs"
version = "22.1.0"
description = "Classes Without Boilerplate"
category = "dev"
optional = false
python-versions = ">=3.5"

[package.extras]
dev = ["cloudpickle", "coverage[toml] (>=5.0.2)", "furo", "hypothesis", "mypy (>=0.900,!=0.940)", "pre-commit", "pympler", "pytest (>=4.3.0)", "pytest-mypy-plugins", "sphinx", "sphinx-notfound-page", "zope.interface"]
docs = ["furo", "sphinx", "sphinx-notfound-page", "zope.interface"]
tests = ["cloudpickle", "coverage[toml] (>=5.0.2)", "hypothesis", "mypy (>=0.900,!=0.940)", "pympler", "pytest (>=4.3.0)", "pytest-mypy-plugins", "zope.interface"]
tests_no_zope = ["cloudpickle", "coverage[toml] (>=5.0.2)", "hypothesis", "mypy (>=0.900,!=0.940)", "pympler", "pytest (>=4.3.0)", "pytest-mypy-plugins"]

[[package]]
name = "btrees"
version = "4.10.0"
description = "Scalable persistent object containers"
category = "main"
optional = false
python-versions = "*"

[package.dependencies]
persistent = ">=4.1.0"
"zope.interface" = ">=5.0.0"

[package.extras]
ZODB = ["zodb"]
docs = ["repoze.sphinx.autointerface", "sphinx", "sphinx-rtd-theme"]
test = ["persistent (>=4.4.3)", "transaction", "zope.testrunner"]

[[package]]
name = "cffi"
version = "1.15.1"
description = "Foreign Function Interface for Python calling C code."
category = "main"
optional = false
python-versions = "*"

[package.dependencies]
pycparser = "*"

[[package]]
name = "colorama"
version = "0.4.5"
description = "Cross-platform colored terminal text."
category = "dev"
optional = false
python-versions = ">=2.7, !=3.0.*, !=3.1.*, !=3.2.*, !=3.3.*, !=3.4.*"

[[package]]
name = "cykhash"
version = "2.0.0"
description = "cython wrapper for khash-sets/maps, efficient implementation of isin and unique"
category = "main"
optional = false
python-versions = "*"

[[package]]
name = "importlib-metadata"
version = "4.12.0"
description = "Read metadata from Python packages"
category = "dev"
optional = false
python-versions = ">=3.7"

[package.dependencies]
typing-extensions = {version = ">=3.6.4", markers = "python_version < \"3.8\""}
zipp = ">=0.5"

[package.extras]
docs = ["jaraco.packaging (>=9)", "rst.linker (>=1.9)", "sphinx"]
perf = ["ipython"]
testing = ["flufl.flake8", "importlib-resources (>=1.3)", "packaging", "pyfakefs", "pytest (>=6)", "pytest-black (>=0.3.7)", "pytest-checkdocs (>=2.4)", "pytest-cov", "pytest-enabler (>=1.3)", "pytest-flake8", "pytest-mypy (>=0.9.1)", "pytest-perf (>=0.9.2)"]

[[package]]
name = "more-itertools"
version = "8.14.0"
description = "More routines for operating on iterables, beyond itertools"
category = "dev"
optional = false
python-versions = ">=3.5"

[[package]]
name = "numpy"
version = "1.21.1"
description = "NumPy is the fundamental package for array computing with Python."
category = "main"
optional = false
python-versions = ">=3.7"

[[package]]
name = "packaging"
version = "21.3"
description = "Core utilities for Python packages"
category = "dev"
optional = false
python-versions = ">=3.6"

[package.dependencies]
pyparsing = ">=2.0.2,<3.0.5 || >3.0.5"

[[package]]
name = "persistent"
version = "4.9.0"
description = "Translucent persistent objects"
category = "main"
optional = false
python-versions = "*"

[package.dependencies]
cffi = {version = "*", markers = "platform_python_implementation == \"CPython\""}
"zope.interface" = "*"

[package.extras]
docs = ["repoze.sphinx.autointerface", "sphinx"]
test = ["manuel", "zope.testrunner"]

[[package]]
name = "pluggy"
version = "0.13.1"
description = "plugin and hook calling mechanisms for python"
category = "dev"
optional = false
python-versions = ">=2.7, !=3.0.*, !=3.1.*, !=3.2.*, !=3.3.*"

[package.dependencies]
importlib-metadata = {version = ">=0.12", markers = "python_version < \"3.8\""}

[package.extras]
dev = ["pre-commit", "tox"]

[[package]]
name = "py"
version = "1.11.0"
description = "library with cross-python path, ini-parsing, io, code, log facilities"
category = "dev"
optional = false
python-versions = ">=2.7, !=3.0.*, !=3.1.*, !=3.2.*, !=3.3.*, !=3.4.*"

[[package]]
name = "pycparser"
version = "2.21"
description = "C parser in Python"
category = "main"
optional = false
python-versions = ">=2.7, !=3.0.*, !=3.1.*, !=3.2.*, !=3.3.*"

[[package]]
name = "pyparsing"
version = "3.0.9"
description = "pyparsing module - Classes and methods to define and execute parsing grammars"
category = "dev"
optional = false
python-versions = ">=3.6.8"

[package.extras]
diagrams = ["jinja2", "railroad-diagrams"]

[[package]]
name = "pytest"
version = "5.4.3"
description = "pytest: simple powerful testing with Python"
category = "dev"
optional = false
python-versions = ">=3.5"

[package.dependencies]
atomicwrites = {version = ">=1.0", markers = "sys_platform == \"win32\""}
attrs = ">=17.4.0"
colorama = {version = "*", markers = "sys_platform == \"win32\""}
importlib-metadata = {version = ">=0.12", markers = "python_version < \"3.8\""}
more-itertools = ">=4.0.0"
packaging = "*"
pluggy = ">=0.12,<1.0"
py = ">=1.5.0"
wcwidth = "*"

[package.extras]
checkqa-mypy = ["mypy (==v0.761)"]
testing = ["argcomplete", "hypothesis (>=3.56)", "mock", "nose", "requests", "xmlschema"]

[[package]]
name = "readerwriterlock"
version = "1.0.9"
description = "A python implementation of the three Reader-Writer problems."
category = "main"
optional = false
python-versions = ">=3.6"

[package.dependencies]
typing-extensions = "*"

[[package]]
name = "sortednp"
version = "0.4.0"
description = "Merge and intersect sorted numpy arrays."
category = "main"
optional = false
python-versions = ">=3"

[package.dependencies]
numpy = ">=1.14"

[[package]]
name = "typing-extensions"
version = "4.3.0"
description = "Backported and Experimental Type Hints for Python 3.7+"
category = "main"
optional = false
python-versions = ">=3.7"

[[package]]
name = "wcwidth"
version = "0.2.5"
description = "Measures the displayed width of unicode strings in a terminal"
category = "dev"
optional = false
python-versions = "*"

[[package]]
name = "zipp"
version = "3.8.1"
description = "Backport of pathlib-compatible object wrapper for zip files"
category = "dev"
optional = false
python-versions = ">=3.7"

[package.extras]
docs = ["jaraco.packaging (>=9)", "jaraco.tidelift (>=1.4)", "rst.linker (>=1.9)", "sphinx"]
testing = ["func-timeout", "jaraco.itertools", "pytest (>=6)", "pytest-black (>=0.3.7)", "pytest-checkdocs (>=2.4)", "pytest-cov", "pytest-enabler (>=1.3)", "pytest-flake8", "pytest-mypy (>=0.9.1)"]

[[package]]
name = "zope.interface"
version = "5.4.0"
description = "Interfaces for Python"
category = "main"
optional = false
python-versions = ">=2.7, !=3.0.*, !=3.1.*, !=3.2.*, !=3.3.*, !=3.4.*"

[package.extras]
docs = ["repoze.sphinx.autointerface", "sphinx"]
test = ["coverage (>=5.0.3)", "zope.event", "zope.testing"]
testing = ["coverage (>=5.0.3)", "zope.event", "zope.testing"]

[metadata]
lock-version = "1.1"
python-versions = "^3.7"
content-hash = "5631a08c091e50e053e03b0215b6de37a8f094f3b0234e828287afb45ad441a6"

[metadata.files]
atomicwrites = []
attrs = [
    {file = "attrs-22.1.0-py2.py3-none-any.whl", hash = "sha256:86efa402f67bf2df34f51a335487cf46b1ec130d02b8d39fd248abfd30da551c"},
    {file = "attrs-22.1.0.tar.gz", hash = "sha256:29adc2665447e5191d0e7c568fde78b21f9672d344281d0c6e1ab085429b22b6"},
]
btrees = [
    {file = "BTrees-4.10.0-cp27-cp27m-macosx_10_14_x86_64.whl", hash = "sha256:c349a416e7e4f3d6a2858d605b9fa0b92fad268714134dd0e2f7e0b631c03eef"},
    {file = "BTrees-4.10.0-cp27-cp27m-win32.whl", hash = "sha256:f0a6229980c39ccba644bb15e0045f3c2b6b173c9f87bb61a23d843cb389ab98"},
    {file = "BTrees-4.10.0-cp27-cp27m-win_amd64.whl", hash = "sha256:3a0b3642bbc36a6beebc5ccbc749fcd93ec65530f05223ae31fd0c76ab185e75"},
    {file = "BTrees-4.10.0-cp310-cp310-macosx_10_15_x86_64.whl", hash = "sha256:69fcefa4a5542f7c736d26f9ea44baafbb4a3a6862bec981d6eac1beda60e672"},
    {file = "BTrees-4.10.0-cp310-cp310-manylinux_2_17_aarch64.manylinux2014_aarch64.whl", hash = "sha256:7dc03f8afd98c9f64c79a9b944e6c0476b76c2d00b6d2473ac66aeedb90c3c2a"},
    {file = "BTrees-4.10.0-cp310-cp310-manylinux_2_5_i686.manylinux1_i686.manylinux_2_12_i686.manylinux2010_i686.whl", hash = "sha256:4ee8f5880ca6be3e177a852da3ac09fac883680cce310d638e1f482a6fb4c267"},
    {file = "BTrees-4.10.0-cp310-cp310-manylinux_2_5_x86_64.manylinux1_x86_64.manylinux_2_12_x86_64.manylinux2010_x86_64.whl", hash = "sha256:1ea05e91842fc02b3c01e2d18667a2a3dbfcc3f902aa33d499c1bfcba9a636c8"},
    {file = "BTrees-4.10.0-cp310-cp310-win32.whl", hash = "sha256:670869947dcc4216c66f73fc1dc1dff6b053ef45242b925c3fd95e32f5d1604f"},
    {file = "BTrees-4.10.0-cp310-cp310-win_amd64.whl", hash = "sha256:34e8fd044c85356b3096dc991a5c70ae1692dcd07968fb7de9b7264f37c72626"},
    {file = "BTrees-4.10.0-cp35-cp35m-win32.whl", hash = "sha256:b79259916631dcbd242fc3dd156c4ba0de66c1f3d936338f3aff204839a59a4a"},
    {file = "BTrees-4.10.0-cp35-cp35m-win_amd64.whl", hash = "sha256:34862314aed96ca195766691b7bb2d89a35c376441540f84dd2af183278194e2"},
    {file = "BTrees-4.10.0-cp36-cp36m-macosx_10_14_x86_64.whl", hash = "sha256:b53f2798c9215b851969a1601ec806643d42f74a2ddeacbf38e2ed6aea1fb109"},
    {file = "BTrees-4.10.0-cp36-cp36m-manylinux_2_17_aarch64.manylinux2014_aarch64.whl", hash = "sha256:ff3c5a196f5bf2402f981672b850e218486d0fa6c9ebcb27e32f40c3a3cd3416"},
    {file = "BTrees-4.10.0-cp36-cp36m-manylinux_2_5_i686.manylinux1_i686.manylinux_2_12_i686.manylinux2010_i686.whl", hash = "sha256:93e1d058a60f0914c94ae623e0d747082153e0242f159b8f4bf6395fe2cc8bb8"},
    {file = "BTrees-4.10.0-cp36-cp36m-manylinux_2_5_x86_64.manylinux1_x86_64.manylinux_2_12_x86_64.manylinux2010_x86_64.whl", hash = "sha256:e19147982a4e37a3fd6e5a04d054917b3a8d4f102901e75d067738151b650100"},
    {file = "BTrees-4.10.0-cp36-cp36m-win32.whl", hash = "sha256:5427b3ffbce05ab8f4db4b99d3463c7700e605a3f413b38e61500cbe4b872bc5"},
    {file = "BTrees-4.10.0-cp36-cp36m-win_amd64.whl", hash = "sha256:cf87c185d65559b91fdf71d075b86c7ea8aa68c67cc5dc2010589e9919144cfd"},
    {file = "BTrees-4.10.0-cp37-cp37m-macosx_10_14_x86_64.whl", hash = "sha256:c456801116444588afb84522c946b1c4ed5198deee6fbef6acc1a54a569b4f99"},
    {file = "BTrees-4.10.0-cp37-cp37m-manylinux_2_17_aarch64.manylinux2014_aarch64.whl", hash = "sha256:d204f55915bcce691b4e5dc1fc8926c9e0da7994a80ea70b7e42aead853fed6d"},
    {file = "BTrees-4.10.0-cp37-cp37m-manylinux_2_5_i686.manylinux1_i686.manylinux_2_12_i686.manylinux2010_i686.whl", hash = "sha256:bfb2238affe98062b6a5778d709a64bde60fcaa6604c1a34f47f8b25a9ca8658"},
    {file = "BTrees-4.10.0-cp37-cp37m-manylinux_2_5_x86_64.manylinux1_x86_64.manylinux_2_12_x86_64.manylinux2010_x86_64.whl", hash = "sha256:5c3d1f6ba10f5686552b407a6ef468015230b45fb4d6a160a9d19fedf78041cf"},
    {file = "BTrees-4.10.0-cp37-cp37m-win32.whl", hash = "sha256:39026d5bee08b79eb3d83a716276a733145aa8b5aa7ec5890c5efaa6898fe057"},
    {file = "BTrees-4.10.0-cp37-cp37m-win_amd64.whl", hash = "sha256:945cf38fc2a26d4259b0d38078654870c4f14a420843b91cc93e10ed7cec5a3d"},
    {file = "BTrees-4.10.0-cp38-cp38-macosx_10_14_x86_64.whl", hash = "sha256:e27a397ee41efc2d4ae337308fd6b1d82c267e25e0310ce3417ae594258d38a1"},
    {file = "BTrees-4.10.0-cp38-cp38-manylinux_2_17_aarch64.manylinux2014_aarch64.whl", hash = "sha256:70cd7a679ef05d7b7b1f5725c28928c4328f8ff1f9f9ddada097c6a77334a92d"},
    {file = "BTrees-4.10.0-cp38-cp38-manylinux_2_5_i686.manylinux1_i686.manylinux_2_12_i686.manylinux2010_i686.whl", hash = "sha256:f6a89ef8d31c19a1d2348d4d2df24b1596b280a93fc06855b365e3f324dfc8bb"},
    {file = "BTrees-4.10.0-cp38-cp38-manylinux_2_5_x86_64.manylinux1_x86_64.manylinux_2_12_x86_64.manylinux2010_x86_64.whl", hash = "sha256:ba6aa6592bee36a45c9866424430530085ac3f7dccb5ade94206a7102539788a"},
    {file = "BTrees-4.10.0-cp38-cp38-win32.whl", hash = "sha256:23af5041101143418a6b109ed184091aa9a00431b1847044ca1cd3fc968b59aa"},
    {file = "BTrees-4.10.0-cp38-cp38-win_amd64.whl", hash = "sha256:9e8485c6ed09477cdd0c878bf8d5a7e994200d82edb9cd7c00caede4042f8a12"},
    {file = "BTrees-4.10.0-cp39-cp39-macosx_10_15_x86_64.whl", hash = "sha256:b8e160c6dfcd4544f74be584a70a6b442e71a19e8dadd1cd8d0b7e3cd4263bd9"},
    {file = "BTrees-4.10.0-cp39-cp39-manylinux_2_17_aarch64.manylinux2014_aarch64.whl", hash = "sha256:f2249c6bcc6a749f0f846e301c9d42633c9388f8b54b6b431068a95d9cc6a07a"},
    {file = "BTrees-4.10.0-cp39-cp39-manylinux_2_5_i686.manylinux1_i686.manylinux_2_12_i686.manylinux2010_i686.whl", hash = "sha256:e67b21567ef0edceabb4770009978cdb3bef5864c5a412bb060cc15207ccbf1a"},
    {file = "BTrees-4.10.0-cp39-cp39-manylinux_2_5_x86_64.manylinux1_x86_64.manylinux_2_12_x86_64.manylinux2010_x86_64.whl", hash = "sha256:adb01cec4212739b6033c7673f0ad4cf8cdba36ebea932a32ab69b82a2987656"},
    {file = "BTrees-4.10.0-cp39-cp39-win32.whl", hash = "sha256:e378707d019b522283ceea03d1f39df040d0abb668714ea5173771d1eeacbbdf"},
    {file = "BTrees-4.10.0-cp39-cp39-win_amd64.whl", hash = "sha256:03cad075c38e52e5f6662ef16ad52f0b37f849ad5d696e3d4e2da5614ce420bc"},
    {file = "BTrees-4.10.0.tar.gz", hash = "sha256:d6ab0e3410d074d7154245d6dc6493ae86f1b50bd6080d1310ebb3ecdea5deb6"},
]
cffi = [
    {file = "cffi-1.15.1-cp27-cp27m-macosx_10_9_x86_64.whl", hash = "sha256:a66d3508133af6e8548451b25058d5812812ec3798c886bf38ed24a98216fab2"},
    {file = "cffi-1.15.1-cp27-cp27m-manylinux1_i686.whl", hash = "sha256:470c103ae716238bbe698d67ad020e1db9d9dba34fa5a899b5e21577e6d52ed2"},
    {file = "cffi-1.15.1-cp27-cp27m-manylinux1_x86_64.whl", hash = "sha256:9ad5db27f9cabae298d151c85cf2bad1d359a1b9c686a275df03385758e2f914"},
    {file = "cffi-1.15.1-cp27-cp27m-win32.whl", hash = "sha256:b3bbeb01c2b273cca1e1e0c5df57f12dce9a4dd331b4fa1635b8bec26350bde3"},
    {file = "cffi-1.15.1-cp27-cp27m-win_amd64.whl", hash = "sha256:e00b098126fd45523dd056d2efba6c5a63b71ffe9f2bbe1a4fe1716e1d0c331e"},
    {file = "cffi-1.15.1-cp27-cp27mu-manylinux1_i686.whl", hash = "sha256:d61f4695e6c866a23a21acab0509af1cdfd2c013cf256bbf5b6b5e2695827162"},
    {file = "cffi-1.15.1-cp27-cp27mu-manylinux1_x86_64.whl", hash = "sha256:ed9cb427ba5504c1dc15ede7d516b84757c3e3d7868ccc85121d9310d27eed0b"},
    {file = "cffi-1.15.1-cp310-cp310-macosx_10_9_x86_64.whl", hash = "sha256:39d39875251ca8f612b6f33e6b1195af86d1b3e60086068be9cc053aa4376e21"},
    {file = "cffi-1.15.1-cp310-cp310-macosx_11_0_arm64.whl", hash = "sha256:285d29981935eb726a4399badae8f0ffdff4f5050eaa6d0cfc3f64b857b77185"},
    {file = "cffi-1.15.1-cp310-cp310-manylinux_2_12_i686.manylinux2010_i686.manylinux_2_17_i686.manylinux2014_i686.whl", hash = "sha256:3eb6971dcff08619f8d91607cfc726518b6fa2a9eba42856be181c6d0d9515fd"},
    {file = "cffi-1.15.1-cp310-cp310-manylinux_2_17_aarch64.manylinux2014_aarch64.whl", hash = "sha256:21157295583fe8943475029ed5abdcf71eb3911894724e360acff1d61c1d54bc"},
    {file = "cffi-1.15.1-cp310-cp310-manylinux_2_17_ppc64le.manylinux2014_ppc64le.whl", hash = "sha256:5635bd9cb9731e6d4a1132a498dd34f764034a8ce60cef4f5319c0541159392f"},
    {file = "cffi-1.15.1-cp310-cp310-manylinux_2_17_s390x.manylinux2014_s390x.whl", hash = "sha256:2012c72d854c2d03e45d06ae57f40d78e5770d252f195b93f581acf3ba44496e"},
    {file = "cffi-1.15.1-cp310-cp310-manylinux_2_17_x86_64.manylinux2014_x86_64.whl", hash = "sha256:dd86c085fae2efd48ac91dd7ccffcfc0571387fe1193d33b6394db7ef31fe2a4"},
    {file = "cffi-1.15.1-cp310-cp310-musllinux_1_1_i686.whl", hash = "sha256:fa6693661a4c91757f4412306191b6dc88c1703f780c8234035eac011922bc01"},
    {file = "cffi-1.15.1-cp310-cp310-musllinux_1_1_x86_64.whl", hash = "sha256:59c0b02d0a6c384d453fece7566d1c7e6b7bae4fc5874ef2ef46d56776d61c9e"},
    {file = "cffi-1.15.1-cp310-cp310-win32.whl", hash = "sha256:cba9d6b9a7d64d4bd46167096fc9d2f835e25d7e4c121fb2ddfc6528fb0413b2"},
    {file = "cffi-1.15.1-cp310-cp310-win_amd64.whl", hash = "sha256:ce4bcc037df4fc5e3d184794f27bdaab018943698f4ca31630bc7f84a7b69c6d"},
    {file = "cffi-1.15.1-cp311-cp311-macosx_10_9_x86_64.whl", hash = "sha256:3d08afd128ddaa624a48cf2b859afef385b720bb4b43df214f85616922e6a5ac"},
    {file = "cffi-1.15.1-cp311-cp311-macosx_11_0_arm64.whl", hash = "sha256:3799aecf2e17cf585d977b780ce79ff0dc9b78d799fc694221ce814c2c19db83"},
    {file = "cffi-1.15.1-cp311-cp311-manylinux_2_12_i686.manylinux2010_i686.manylinux_2_17_i686.manylinux2014_i686.whl", hash = "sha256:a591fe9e525846e4d154205572a029f653ada1a78b93697f3b5a8f1f2bc055b9"},
    {file = "cffi-1.15.1-cp311-cp311-manylinux_2_17_aarch64.manylinux2014_aarch64.whl", hash = "sha256:3548db281cd7d2561c9ad9984681c95f7b0e38881201e157833a2342c30d5e8c"},
    {file = "cffi-1.15.1-cp311-cp311-manylinux_2_17_ppc64le.manylinux2014_ppc64le.whl", hash = "sha256:91fc98adde3d7881af9b59ed0294046f3806221863722ba7d8d120c575314325"},
    {file = "cffi-1.15.1-cp311-cp311-manylinux_2_17_x86_64.manylinux2014_x86_64.whl", hash = "sha256:94411f22c3985acaec6f83c6df553f2dbe17b698cc7f8ae751ff2237d96b9e3c"},
    {file = "cffi-1.15.1-cp311-cp311-musllinux_1_1_i686.whl", hash = "sha256:03425bdae262c76aad70202debd780501fabeaca237cdfddc008987c0e0f59ef"},
    {file = "cffi-1.15.1-cp311-cp311-musllinux_1_1_x86_64.whl", hash = "sha256:cc4d65aeeaa04136a12677d3dd0b1c0c94dc43abac5860ab33cceb42b801c1e8"},
    {file = "cffi-1.15.1-cp311-cp311-win32.whl", hash = "sha256:a0f100c8912c114ff53e1202d0078b425bee3649ae34d7b070e9697f93c5d52d"},
    {file = "cffi-1.15.1-cp311-cp311-win_amd64.whl", hash = "sha256:04ed324bda3cda42b9b695d51bb7d54b680b9719cfab04227cdd1e04e5de3104"},
    {file = "cffi-1.15.1-cp36-cp36m-macosx_10_9_x86_64.whl", hash = "sha256:50a74364d85fd319352182ef59c5c790484a336f6db772c1a9231f1c3ed0cbd7"},
    {file = "cffi-1.15.1-cp36-cp36m-manylinux_2_17_aarch64.manylinux2014_aarch64.whl", hash = "sha256:e263d77ee3dd201c3a142934a086a4450861778baaeeb45db4591ef65550b0a6"},
    {file = "cffi-1.15.1-cp36-cp36m-manylinux_2_17_ppc64le.manylinux2014_ppc64le.whl", hash = "sha256:cec7d9412a9102bdc577382c3929b337320c4c4c4849f2c5cdd14d7368c5562d"},
    {file = "cffi-1.15.1-cp36-cp36m-manylinux_2_17_s390x.manylinux2014_s390x.whl", hash = "sha256:4289fc34b2f5316fbb762d75362931e351941fa95fa18789191b33fc4cf9504a"},
    {file = "cffi-1.15.1-cp36-cp36m-manylinux_2_5_i686.manylinux1_i686.whl", hash = "sha256:173379135477dc8cac4bc58f45db08ab45d228b3363adb7af79436135d028405"},
    {file = "cffi-1.15.1-cp36-cp36m-manylinux_2_5_x86_64.manylinux1_x86_64.whl", hash = "sha256:6975a3fac6bc83c4a65c9f9fcab9e47019a11d3d2cf7f3c0d03431bf145a941e"},
    {file = "cffi-1.15.1-cp36-cp36m-win32.whl", hash = "sha256:2470043b93ff09bf8fb1d46d1cb756ce6132c54826661a32d4e4d132e1977adf"},
    {file = "cffi-1.15.1-cp36-cp36m-win_amd64.whl", hash = "sha256:30d78fbc8ebf9c92c9b7823ee18eb92f2e6ef79b45ac84db507f52fbe3ec4497"},
    {file = "cffi-1.15.1-cp37-cp37m-macosx_10_9_x86_64.whl", hash = "sha256:198caafb44239b60e252492445da556afafc7d1e3ab7a1fb3f0584ef6d742375"},
    {file = "cffi-1.15.1-cp37-cp37m-manylinux_2_12_i686.manylinux2010_i686.manylinux_2_17_i686.manylinux2014_i686.whl", hash = "sha256:5ef34d190326c3b1f822a5b7a45f6c4535e2f47ed06fec77d3d799c450b2651e"},
    {file = "cffi-1.15.1-cp37-cp37m-manylinux_2_17_aarch64.manylinux2014_aarch64.whl", hash = "sha256:8102eaf27e1e448db915d08afa8b41d6c7ca7a04b7d73af6514df10a3e74bd82"},
    {file = "cffi-1.15.1-cp37-cp37m-manylinux_2_17_ppc64le.manylinux2014_ppc64le.whl", hash = "sha256:5df2768244d19ab7f60546d0c7c63ce1581f7af8b5de3eb3004b9b6fc8a9f84b"},
    {file = "cffi-1.15.1-cp37-cp37m-manylinux_2_17_s390x.manylinux2014_s390x.whl", hash = "sha256:a8c4917bd7ad33e8eb21e9a5bbba979b49d9a97acb3a803092cbc1133e20343c"},
    {file = "cffi-1.15.1-cp37-cp37m-manylinux_2_17_x86_64.manylinux2014_x86_64.whl", hash = "sha256:0e2642fe3142e4cc4af0799748233ad6da94c62a8bec3a6648bf8ee68b1c7426"},
    {file = "cffi-1.15.1-cp37-cp37m-win32.whl", hash = "sha256:e229a521186c75c8ad9490854fd8bbdd9a0c9aa3a524326b55be83b54d4e0ad9"},
    {file = "cffi-1.15.1-cp37-cp37m-win_amd64.whl", hash = "sha256:a0b71b1b8fbf2b96e41c4d990244165e2c9be83d54962a9a1d118fd8657d2045"},
    {file = "cffi-1.15.1-cp38-cp38-macosx_10_9_x86_64.whl", hash = "sha256:320dab6e7cb2eacdf0e658569d2575c4dad258c0fcc794f46215e1e39f90f2c3"},
    {file = "cffi-1.15.1-cp38-cp38-manylinux_2_12_i686.manylinux2010_i686.manylinux_2_17_i686.manylinux2014_i686.whl", hash = "sha256:1e74c6b51a9ed6589199c787bf5f9875612ca4a8a0785fb2d4a84429badaf22a"},
    {file = "cffi-1.15.1-cp38-cp38-manylinux_2_17_aarch64.manylinux2014_aarch64.whl", hash = "sha256:a5c84c68147988265e60416b57fc83425a78058853509c1b0629c180094904a5"},
    {file = "cffi-1.15.1-cp38-cp38-manylinux_2_17_ppc64le.manylinux2014_ppc64le.whl", hash = "sha256:3b926aa83d1edb5aa5b427b4053dc420ec295a08e40911296b9eb1b6170f6cca"},
    {file = "cffi-1.15.1-cp38-cp38-manylinux_2_17_s390x.manylinux2014_s390x.whl", hash = "sha256:87c450779d0914f2861b8526e035c5e6da0a3199d8f1add1a665e1cbc6fc6d02"},
    {file = "cffi-1.15.1-cp38-cp38-manylinux_2_17_x86_64.manylinux2014_x86_64.whl", hash = "sha256:4f2c9f67e9821cad2e5f480bc8d83b8742896f1242dba247911072d4fa94c192"},
    {file = "cffi-1.15.1-cp38-cp38-win32.whl", hash = "sha256:8b7ee99e510d7b66cdb6c593f21c043c248537a32e0bedf02e01e9553a172314"},
    {file = "cffi-1.15.1-cp38-cp38-win_amd64.whl", hash = "sha256:00a9ed42e88df81ffae7a8ab6d9356b371399b91dbdf0c3cb1e84c03a13aceb5"},
    {file = "cffi-1.15.1-cp39-cp39-macosx_10_9_x86_64.whl", hash = "sha256:54a2db7b78338edd780e7ef7f9f6c442500fb0d41a5a4ea24fff1c929d5af585"},
    {file = "cffi-1.15.1-cp39-cp39-macosx_11_0_arm64.whl", hash = "sha256:fcd131dd944808b5bdb38e6f5b53013c5aa4f334c5cad0c72742f6eba4b73db0"},
    {file = "cffi-1.15.1-cp39-cp39-manylinux_2_12_i686.manylinux2010_i686.manylinux_2_17_i686.manylinux2014_i686.whl", hash = "sha256:7473e861101c9e72452f9bf8acb984947aa1661a7704553a9f6e4baa5ba64415"},
    {file = "cffi-1.15.1-cp39-cp39-manylinux_2_17_aarch64.manylinux2014_aarch64.whl", hash = "sha256:6c9a799e985904922a4d207a94eae35c78ebae90e128f0c4e521ce339396be9d"},
    {file = "cffi-1.15.1-cp39-cp39-manylinux_2_17_ppc64le.manylinux2014_ppc64le.whl", hash = "sha256:3bcde07039e586f91b45c88f8583ea7cf7a0770df3a1649627bf598332cb6984"},
    {file = "cffi-1.15.1-cp39-cp39-manylinux_2_17_s390x.manylinux2014_s390x.whl", hash = "sha256:33ab79603146aace82c2427da5ca6e58f2b3f2fb5da893ceac0c42218a40be35"},
    {file = "cffi-1.15.1-cp39-cp39-manylinux_2_17_x86_64.manylinux2014_x86_64.whl", hash = "sha256:5d598b938678ebf3c67377cdd45e09d431369c3b1a5b331058c338e201f12b27"},
    {file = "cffi-1.15.1-cp39-cp39-musllinux_1_1_i686.whl", hash = "sha256:db0fbb9c62743ce59a9ff687eb5f4afbe77e5e8403d6697f7446e5f609976f76"},
    {file = "cffi-1.15.1-cp39-cp39-musllinux_1_1_x86_64.whl", hash = "sha256:98d85c6a2bef81588d9227dde12db8a7f47f639f4a17c9ae08e773aa9c697bf3"},
    {file = "cffi-1.15.1-cp39-cp39-win32.whl", hash = "sha256:40f4774f5a9d4f5e344f31a32b5096977b5d48560c5592e2f3d2c4374bd543ee"},
    {file = "cffi-1.15.1-cp39-cp39-win_amd64.whl", hash = "sha256:70df4e3b545a17496c9b3f41f5115e69a4f2e77e94e1d2a8e1070bc0c38c8a3c"},
    {file = "cffi-1.15.1.tar.gz", hash = "sha256:d400bfb9a37b1351253cb402671cea7e89bdecc294e8016a707f6d1d8ac934f9"},
]
colorama = []
cykhash = [
    {file = "cykhash-2.0.0.tar.gz", hash = "sha256:ab2e7b3a701291f71df626d8fe597a50b097c1b33e25b4c37681415639d270fd"},
]
importlib-metadata = []
more-itertools = [
    {file = "more-itertools-8.14.0.tar.gz", hash = "sha256:c09443cd3d5438b8dafccd867a6bc1cb0894389e90cb53d227456b0b0bccb750"},
    {file = "more_itertools-8.14.0-py3-none-any.whl", hash = "sha256:1bc4f91ee5b1b31ac7ceacc17c09befe6a40a503907baf9c839c229b5095cfd2"},
]
numpy = [
    {file = "numpy-1.21.1-cp37-cp37m-macosx_10_9_x86_64.whl", hash = "sha256:38e8648f9449a549a7dfe8d8755a5979b45b3538520d1e735637ef28e8c2dc50"},
    {file = "numpy-1.21.1-cp37-cp37m-manylinux_2_12_i686.manylinux2010_i686.whl", hash = "sha256:fd7d7409fa643a91d0a05c7554dd68aa9c9bb16e186f6ccfe40d6e003156e33a"},
    {file = "numpy-1.21.1-cp37-cp37m-manylinux_2_12_x86_64.manylinux2010_x86_64.whl", hash = "sha256:a75b4498b1e93d8b700282dc8e655b8bd559c0904b3910b144646dbbbc03e062"},
    {file = "numpy-1.21.1-cp37-cp37m-manylinux_2_17_aarch64.manylinux2014_aarch64.whl", hash = "sha256:1412aa0aec3e00bc23fbb8664d76552b4efde98fb71f60737c83efbac24112f1"},
    {file = "numpy-1.21.1-cp37-cp37m-manylinux_2_5_i686.manylinux1_i686.whl", hash = "sha256:e46ceaff65609b5399163de5893d8f2a82d3c77d5e56d976c8b5fb01faa6b671"},
    {file = "numpy-1.21.1-cp37-cp37m-manylinux_2_5_x86_64.manylinux1_x86_64.whl", hash = "sha256:c6a2324085dd52f96498419ba95b5777e40b6bcbc20088fddb9e8cbb58885e8e"},
    {file = "numpy-1.21.1-cp37-cp37m-win32.whl", hash = "sha256:73101b2a1fef16602696d133db402a7e7586654682244344b8329cdcbbb82172"},
    {file = "numpy-1.21.1-cp37-cp37m-win_amd64.whl", hash = "sha256:7a708a79c9a9d26904d1cca8d383bf869edf6f8e7650d85dbc77b041e8c5a0f8"},
    {file = "numpy-1.21.1-cp38-cp38-macosx_10_9_universal2.whl", hash = "sha256:95b995d0c413f5d0428b3f880e8fe1660ff9396dcd1f9eedbc311f37b5652e16"},
    {file = "numpy-1.21.1-cp38-cp38-macosx_10_9_x86_64.whl", hash = "sha256:635e6bd31c9fb3d475c8f44a089569070d10a9ef18ed13738b03049280281267"},
    {file = "numpy-1.21.1-cp38-cp38-macosx_11_0_arm64.whl", hash = "sha256:4a3d5fb89bfe21be2ef47c0614b9c9c707b7362386c9a3ff1feae63e0267ccb6"},
    {file = "numpy-1.21.1-cp38-cp38-manylinux_2_12_i686.manylinux2010_i686.whl", hash = "sha256:8a326af80e86d0e9ce92bcc1e65c8ff88297de4fa14ee936cb2293d414c9ec63"},
    {file = "numpy-1.21.1-cp38-cp38-manylinux_2_12_x86_64.manylinux2010_x86_64.whl", hash = "sha256:791492091744b0fe390a6ce85cc1bf5149968ac7d5f0477288f78c89b385d9af"},
    {file = "numpy-1.21.1-cp38-cp38-manylinux_2_17_aarch64.manylinux2014_aarch64.whl", hash = "sha256:0318c465786c1f63ac05d7c4dbcecd4d2d7e13f0959b01b534ea1e92202235c5"},
    {file = "numpy-1.21.1-cp38-cp38-manylinux_2_5_i686.manylinux1_i686.whl", hash = "sha256:9a513bd9c1551894ee3d31369f9b07460ef223694098cf27d399513415855b68"},
    {file = "numpy-1.21.1-cp38-cp38-manylinux_2_5_x86_64.manylinux1_x86_64.whl", hash = "sha256:91c6f5fc58df1e0a3cc0c3a717bb3308ff850abdaa6d2d802573ee2b11f674a8"},
    {file = "numpy-1.21.1-cp38-cp38-win32.whl", hash = "sha256:978010b68e17150db8765355d1ccdd450f9fc916824e8c4e35ee620590e234cd"},
    {file = "numpy-1.21.1-cp38-cp38-win_amd64.whl", hash = "sha256:9749a40a5b22333467f02fe11edc98f022133ee1bfa8ab99bda5e5437b831214"},
    {file = "numpy-1.21.1-cp39-cp39-macosx_10_9_universal2.whl", hash = "sha256:d7a4aeac3b94af92a9373d6e77b37691b86411f9745190d2c351f410ab3a791f"},
    {file = "numpy-1.21.1-cp39-cp39-macosx_10_9_x86_64.whl", hash = "sha256:d9e7912a56108aba9b31df688a4c4f5cb0d9d3787386b87d504762b6754fbb1b"},
    {file = "numpy-1.21.1-cp39-cp39-macosx_11_0_arm64.whl", hash = "sha256:25b40b98ebdd272bc3020935427a4530b7d60dfbe1ab9381a39147834e985eac"},
    {file = "numpy-1.21.1-cp39-cp39-manylinux_2_12_i686.manylinux2010_i686.whl", hash = "sha256:8a92c5aea763d14ba9d6475803fc7904bda7decc2a0a68153f587ad82941fec1"},
    {file = "numpy-1.21.1-cp39-cp39-manylinux_2_12_x86_64.manylinux2010_x86_64.whl", hash = "sha256:05a0f648eb28bae4bcb204e6fd14603de2908de982e761a2fc78efe0f19e96e1"},
    {file = "numpy-1.21.1-cp39-cp39-manylinux_2_17_aarch64.manylinux2014_aarch64.whl", hash = "sha256:f01f28075a92eede918b965e86e8f0ba7b7797a95aa8d35e1cc8821f5fc3ad6a"},
    {file = "numpy-1.21.1-cp39-cp39-win32.whl", hash = "sha256:88c0b89ad1cc24a5efbb99ff9ab5db0f9a86e9cc50240177a571fbe9c2860ac2"},
    {file = "numpy-1.21.1-cp39-cp39-win_amd64.whl", hash = "sha256:01721eefe70544d548425a07c80be8377096a54118070b8a62476866d5208e33"},
    {file = "numpy-1.21.1-pp37-pypy37_pp73-manylinux_2_12_x86_64.manylinux2010_x86_64.whl", hash = "sha256:2d4d1de6e6fb3d28781c73fbde702ac97f03d79e4ffd6598b880b2d95d62ead4"},
    {file = "numpy-1.21.1.zip", hash = "sha256:dff4af63638afcc57a3dfb9e4b26d434a7a602d225b42d746ea7fe2edf1342fd"},
]
packaging = [
    {file = "packaging-21.3-py3-none-any.whl", hash = "sha256:ef103e05f519cdc783ae24ea4e2e0f508a9c99b2d4969652eed6a2e1ea5bd522"},
    {file = "packaging-21.3.tar.gz", hash = "sha256:dd47c42927d89ab911e606518907cc2d3a1f38bbd026385970643f9c5b8ecfeb"},
]
persistent = [
    {file = "persistent-4.9.0-cp27-cp27m-macosx_10_14_x86_64.whl", hash = "sha256:6ffc7e720cf124a45b890e655d80b644f8c12b1fb97da7df78c5278ef28b2d8b"},
    {file = "persistent-4.9.0-cp27-cp27m-win32.whl", hash = "sha256:9ec24d5a704fee4bd5aca12bb0f17e05f1386bd8d3903657a89c50214afb547e"},
    {file = "persistent-4.9.0-cp27-cp27m-win_amd64.whl", hash = "sha256:ec0f6774a9b668ef842ef564cc1871caeef1b3735a7566ad8e47a81a1d98e940"},
    {file = "persistent-4.9.0-cp310-cp310-macosx_10_15_x86_64.whl", hash = "sha256:b3a5de9f4760245f6c6000763f2f8e8cabbb06ea5bc804ea1f219b17c4526dee"},
    {file = "persistent-4.9.0-cp310-cp310-manylinux_2_17_aarch64.manylinux2014_aarch64.whl", hash = "sha256:90e3de2bd66df303b1fa90086ef82d8cf9eef87fe3503da03e29f2f62a2f8884"},
    {file = "persistent-4.9.0-cp310-cp310-manylinux_2_5_i686.manylinux1_i686.manylinux_2_12_i686.manylinux2010_i686.whl", hash = "sha256:7333f96f7f140fdd223bb3e0966ac0ce76321865c37ff11ac45f561fea302f29"},
    {file = "persistent-4.9.0-cp310-cp310-manylinux_2_5_x86_64.manylinux1_x86_64.manylinux_2_12_x86_64.manylinux2010_x86_64.whl", hash = "sha256:1f2e4fda36e7754faa64a8b81a1f8885813c59815a38f9f41560a7f5ef795514"},
    {file = "persistent-4.9.0-cp310-cp310-win32.whl", hash = "sha256:5392d9b1451d6a1da2b59e27e10eb45d0ffbcecfe0e14aae4b98b8b2547a7286"},
    {file = "persistent-4.9.0-cp310-cp310-win_amd64.whl", hash = "sha256:f37b157dcc13a64f97d14520b9a892dfc14385d034409f6c735bc9ee4ab7607e"},
    {file = "persistent-4.9.0-cp35-cp35m-win32.whl", hash = "sha256:c1405c4928b9399d25b98097fa1a4694d172b2af7c9afb67d7ae12709ea48bf3"},
    {file = "persistent-4.9.0-cp35-cp35m-win_amd64.whl", hash = "sha256:73a55f1b09f48c99adc87e208db7e115a201ad1e0bd2de328587e993c85c6bd2"},
    {file = "persistent-4.9.0-cp36-cp36m-macosx_10_14_x86_64.whl", hash = "sha256:ec8983c0253a44a43360462312d6d810762edeb96a392da031db20763ac404ca"},
    {file = "persistent-4.9.0-cp36-cp36m-manylinux_2_17_aarch64.manylinux2014_aarch64.whl", hash = "sha256:5be31f034709ab6833b7bd9c3b4835664f0971a2e8ff403380d861f7899dde79"},
    {file = "persistent-4.9.0-cp36-cp36m-manylinux_2_5_i686.manylinux1_i686.manylinux_2_12_i686.manylinux2010_i686.whl", hash = "sha256:57fc77be949ad6bedf077c456b58d31b98690512567e9e676c6171972bb0da50"},
    {file = "persistent-4.9.0-cp36-cp36m-manylinux_2_5_x86_64.manylinux1_x86_64.manylinux_2_12_x86_64.manylinux2010_x86_64.whl", hash = "sha256:b9c25ea6920f322344b25fc1beca24fb04944fc28b7157b36f42cdb9c5ce3846"},
    {file = "persistent-4.9.0-cp36-cp36m-win32.whl", hash = "sha256:7e2650c619ad8acc67caad27f0caa856b3c3aaa474edf4cd9d39fd5b9389ae2b"},
    {file = "persistent-4.9.0-cp36-cp36m-win_amd64.whl", hash = "sha256:78be12da25a20c8ce053065ec8a24837a2f445fa5dd53b284e26dafa066585d2"},
    {file = "persistent-4.9.0-cp37-cp37m-macosx_10_14_x86_64.whl", hash = "sha256:a9618487416445243094d87dcc865c32a2c6039020afb51cdeca63e6fcb3c624"},
    {file = "persistent-4.9.0-cp37-cp37m-manylinux_2_17_aarch64.manylinux2014_aarch64.whl", hash = "sha256:e612bfa55cbbb30a4bfd566e56844087edd525783f8c15edd530bc3236e68f34"},
    {file = "persistent-4.9.0-cp37-cp37m-manylinux_2_5_i686.manylinux1_i686.manylinux_2_12_i686.manylinux2010_i686.whl", hash = "sha256:8bf0f183637508e4e588a64c61bd8be2e34086a37687f733c7cad1e6dbe7bc2c"},
    {file = "persistent-4.9.0-cp37-cp37m-manylinux_2_5_x86_64.manylinux1_x86_64.manylinux_2_12_x86_64.manylinux2010_x86_64.whl", hash = "sha256:e0b2a16319686fd1b5bbb385e3b83a3224568d13cb0a3417536279194d41b119"},
    {file = "persistent-4.9.0-cp37-cp37m-win32.whl", hash = "sha256:7996d05b539352d7b612aa350a1f024f7e32ab24e23f8b5ebac275e43669bdb1"},
    {file = "persistent-4.9.0-cp37-cp37m-win_amd64.whl", hash = "sha256:c45e88c8f9daffdddd033d840b3ea89fd4b954c262f010b19d9fc64dce6c16bf"},
    {file = "persistent-4.9.0-cp38-cp38-macosx_10_14_x86_64.whl", hash = "sha256:3277daca96db74b32ae24ca418bcb8f6d2480fe5794a4c67832a16ffc2e74a31"},
    {file = "persistent-4.9.0-cp38-cp38-manylinux_2_17_aarch64.manylinux2014_aarch64.whl", hash = "sha256:6af3b724b0993f9a72e2a644837bc0dc8c44526a6c17ecd32bf60672e37b8608"},
    {file = "persistent-4.9.0-cp38-cp38-manylinux_2_5_i686.manylinux1_i686.manylinux_2_12_i686.manylinux2010_i686.whl", hash = "sha256:5c9d55dd9bf238beb3565ab0b274552c2c4121921580464988586ed09b5ecbcb"},
    {file = "persistent-4.9.0-cp38-cp38-manylinux_2_5_x86_64.manylinux1_x86_64.manylinux_2_12_x86_64.manylinux2010_x86_64.whl", hash = "sha256:1adb850f642be7e5d21814ec23c6d6299315c90274baef3d5940e4346644951c"},
    {file = "persistent-4.9.0-cp38-cp38-win32.whl", hash = "sha256:6413db4d784846436c4a00d9a66b3c6bce3f45cad2eb3247d39ced8e41b942b7"},
    {file = "persistent-4.9.0-cp38-cp38-win_amd64.whl", hash = "sha256:e5ff4a80e781190debbc940d3e2736439a224fbe9fb8694f4eba164bb9510f84"},
    {file = "persistent-4.9.0-cp39-cp39-macosx_10_15_x86_64.whl", hash = "sha256:3baa155d2a686ecea1ce9ac2b60fc44967b132beee49150bd079925e3b3c46d8"},
    {file = "persistent-4.9.0-cp39-cp39-manylinux_2_17_aarch64.manylinux2014_aarch64.whl", hash = "sha256:dfceb7f4feb738fe8a60c22a47ee402e2a4ae213f6808329c0902ce3c19ade2b"},
    {file = "persistent-4.9.0-cp39-cp39-manylinux_2_5_i686.manylinux1_i686.manylinux_2_12_i686.manylinux2010_i686.whl", hash = "sha256:0d6934976b239727caa516adec22e943abb9db1c9fef66440e5e373989f6e30a"},
    {file = "persistent-4.9.0-cp39-cp39-manylinux_2_5_x86_64.manylinux1_x86_64.manylinux_2_12_x86_64.manylinux2010_x86_64.whl", hash = "sha256:2d1bbf615e067bb8bc35c418265b6b5a573cd27e3f37cf2695a319c8fb85a1b5"},
    {file = "persistent-4.9.0-cp39-cp39-win32.whl", hash = "sha256:4f78de2ee1e7469f8c9347a5ca724a068cae52935d5b0b4401b1683b5cea2097"},
    {file = "persistent-4.9.0-cp39-cp39-win_amd64.whl", hash = "sha256:2d71550ac2aa601b96fc1dd64c87b97c9d54c9ca81aedcad6776e00c8f80011d"},
    {file = "persistent-4.9.0.tar.gz", hash = "sha256:4701b31d81c1042265725af390450e9d916ad74b9c178b7010053853591e0c6a"},
]
pluggy = [
    {file = "pluggy-0.13.1-py2.py3-none-any.whl", hash = "sha256:966c145cd83c96502c3c3868f50408687b38434af77734af1e9ca461a4081d2d"},
    {file = "pluggy-0.13.1.tar.gz", hash = "sha256:15b2acde666561e1298d71b523007ed7364de07029219b604cf808bfa1c765b0"},
]
py = [
    {file = "py-1.11.0-py2.py3-none-any.whl", hash = "sha256:607c53218732647dff4acdfcd50cb62615cedf612e72d1724fb1a0cc6405b378"},
    {file = "py-1.11.0.tar.gz", hash = "sha256:51c75c4126074b472f746a24399ad32f6053d1b34b68d2fa41e558e6f4a98719"},
]
pycparser = [
    {file = "pycparser-2.21-py2.py3-none-any.whl", hash = "sha256:8ee45429555515e1f6b185e78100aea234072576aa43ab53aefcae078162fca9"},
    {file = "pycparser-2.21.tar.gz", hash = "sha256:e644fdec12f7872f86c58ff790da456218b10f863970249516d60a5eaca77206"},
]
pyparsing = [
    {file = "pyparsing-3.0.9-py3-none-any.whl", hash = "sha256:5026bae9a10eeaefb61dab2f09052b9f4307d44aee4eda64b309723d8d206bbc"},
    {file = "pyparsing-3.0.9.tar.gz", hash = "sha256:2b020ecf7d21b687f219b71ecad3631f644a47f01403fa1d1036b0c6416d70fb"},
]
pytest = [
    {file = "pytest-5.4.3-py3-none-any.whl", hash = "sha256:5c0db86b698e8f170ba4582a492248919255fcd4c79b1ee64ace34301fb589a1"},
    {file = "pytest-5.4.3.tar.gz", hash = "sha256:7979331bfcba207414f5e1263b5a0f8f521d0f457318836a7355531ed1a4c7d8"},
]
readerwriterlock = [
    {file = "readerwriterlock-1.0.9-py3-none-any.whl", hash = "sha256:8c4b704e60d15991462081a27ef46762fea49b478aa4426644f2146754759ca7"},
    {file = "readerwriterlock-1.0.9.tar.gz", hash = "sha256:b7c4cc003435d7a8ff15b312b0a62a88d9800ba6164af88991f87f8b748f9bea"},
]
sortednp = [
    {file = "sortednp-0.4.0-cp35-cp35m-manylinux1_i686.whl", hash = "sha256:af83cb46c4fa35288d16f1550a6ec40bd865a909640e92b4d3d16c0a7d7d8529"},
    {file = "sortednp-0.4.0-cp35-cp35m-manylinux1_x86_64.whl", hash = "sha256:dada9f29b7dfd589e9a3f12cdc8484898a49e9c6e4d182d46798a9e8eabfddea"},
    {file = "sortednp-0.4.0-cp35-cp35m-manylinux2010_i686.whl", hash = "sha256:f9fd982771f9a053d4e89160219b9a9622eb90690b89233000702bab32a605a3"},
    {file = "sortednp-0.4.0-cp35-cp35m-manylinux2010_x86_64.whl", hash = "sha256:43b50e77a0f5ddbce3e0864507ec6b8fb94b6eddc481a2846609499d6b022ba7"},
    {file = "sortednp-0.4.0-cp36-cp36m-manylinux1_i686.whl", hash = "sha256:b916e97dec8fc2f1032c24505e5f6dd3ab3798d2a21c0c40a65f47c6157b0374"},
    {file = "sortednp-0.4.0-cp36-cp36m-manylinux1_x86_64.whl", hash = "sha256:8cccf8f54de06cc21036ab530da0e4b1e3c749504ac33bb8c1f984820f708b97"},
    {file = "sortednp-0.4.0-cp36-cp36m-manylinux2010_i686.whl", hash = "sha256:fe3cf250ff32bb4eb7b79351c6e9309655c41f885e3af0ceb0edf5811d265908"},
    {file = "sortednp-0.4.0-cp36-cp36m-manylinux2010_x86_64.whl", hash = "sha256:7e9591b3b237b10ad8c7dc85b49c6c9dfa1a316ebd79a6994f6b1e09f6517566"},
    {file = "sortednp-0.4.0-cp37-cp37m-manylinux1_i686.whl", hash = "sha256:595ccf3b96c8788ff230db7e730a8530eaa41e3db5f7ecc5a8e125724dafb6df"},
    {file = "sortednp-0.4.0-cp37-cp37m-manylinux1_x86_64.whl", hash = "sha256:418a4db80f494c7d1b5ed45da266306a930b789fbb5b81e2f451e68bdb4ea060"},
    {file = "sortednp-0.4.0-cp37-cp37m-manylinux2010_i686.whl", hash = "sha256:8d396c4b9b34b672ee15988891520c95463fd6a062784f1fff06739c2dad3bdd"},
    {file = "sortednp-0.4.0-cp37-cp37m-manylinux2010_x86_64.whl", hash = "sha256:64c3df93e0323b8b26f07c4b1514da74f59a9cbd93b1725eb66217a21043bbaa"},
    {file = "sortednp-0.4.0-cp38-cp38-manylinux1_i686.whl", hash = "sha256:ba2e5c76fd6fbb75176edf16bf88aa483fe58bfa7a33ff0bfca3c52074504bbc"},
    {file = "sortednp-0.4.0-cp38-cp38-manylinux1_x86_64.whl", hash = "sha256:1d6d7be8161845962f18890cfb7ad6c3c15a2e7ae2b26d0bdafe1f17b5cc9b8a"},
    {file = "sortednp-0.4.0-cp38-cp38-manylinux2010_i686.whl", hash = "sha256:6366d6aad08052122dafc371d7f9b9b4524998a83fc6e850a0d7470e5ae64339"},
    {file = "sortednp-0.4.0-cp38-cp38-manylinux2010_x86_64.whl", hash = "sha256:28b499fafc5f14a74924c0e8b78038d46d58824308b27437a277434c79efa4de"},
    {file = "sortednp-0.4.0-cp39-cp39-manylinux1_i686.whl", hash = "sha256:e99c74f40319072089b19ce668d2737334ff5a3bcd06a8551eecfe6ee9b68d28"},
    {file = "sortednp-0.4.0-cp39-cp39-manylinux1_x86_64.whl", hash = "sha256:e53d90de98ea8cc72b319797197ae11a798a5d4ed59c238fa4eb8b83cb387748"},
    {file = "sortednp-0.4.0-cp39-cp39-manylinux2010_i686.whl", hash = "sha256:e469c372e3ec4a8fcd2811734b5e9939a7fcefdf698584b36078b9df45d7228a"},
    {file = "sortednp-0.4.0-cp39-cp39-manylinux2010_x86_64.whl", hash = "sha256:0f8a4c4c140de4c0375c6525d993fcfececc59e805b0c17057dd0c27900cdf19"},
    {file = "sortednp-0.4.0.tar.gz", hash = "sha256:96dc648030e00d3ff2626ea9fdd6a958caa2bcd0418124a8d2c984ce925df8a5"},
]
typing-extensions = []
wcwidth = [
    {file = "wcwidth-0.2.5-py2.py3-none-any.whl", hash = "sha256:beb4802a9cebb9144e99086eff703a642a13d6a0052920003a230f3294bbe784"},
    {file = "wcwidth-0.2.5.tar.gz", hash = "sha256:c4d647b99872929fdb7bdcaa4fbe7f01413ed3d98077df798530e5b04f116c83"},
]
zipp = []
"zope.interface" = [
    {file = "zope.interface-5.4.0-cp27-cp27m-macosx_10_14_x86_64.whl", hash = "sha256:7df1e1c05304f26faa49fa752a8c690126cf98b40b91d54e6e9cc3b7d6ffe8b7"},
    {file = "zope.interface-5.4.0-cp27-cp27m-manylinux1_i686.whl", hash = "sha256:2c98384b254b37ce50eddd55db8d381a5c53b4c10ee66e1e7fe749824f894021"},
    {file = "zope.interface-5.4.0-cp27-cp27m-manylinux1_x86_64.whl", hash = "sha256:08f9636e99a9d5410181ba0729e0408d3d8748026ea938f3b970a0249daa8192"},
    {file = "zope.interface-5.4.0-cp27-cp27m-manylinux2010_i686.whl", hash = "sha256:0ea1d73b7c9dcbc5080bb8aaffb776f1c68e807767069b9ccdd06f27a161914a"},
    {file = "zope.interface-5.4.0-cp27-cp27m-manylinux2010_x86_64.whl", hash = "sha256:273f158fabc5ea33cbc936da0ab3d4ba80ede5351babc4f577d768e057651531"},
    {file = "zope.interface-5.4.0-cp27-cp27m-win32.whl", hash = "sha256:a1e6e96217a0f72e2b8629e271e1b280c6fa3fe6e59fa8f6701bec14e3354325"},
    {file = "zope.interface-5.4.0-cp27-cp27m-win_amd64.whl", hash = "sha256:877473e675fdcc113c138813a5dd440da0769a2d81f4d86614e5d62b69497155"},
    {file = "zope.interface-5.4.0-cp27-cp27mu-manylinux1_i686.whl", hash = "sha256:f7ee479e96f7ee350db1cf24afa5685a5899e2b34992fb99e1f7c1b0b758d263"},
    {file = "zope.interface-5.4.0-cp27-cp27mu-manylinux1_x86_64.whl", hash = "sha256:b0297b1e05fd128d26cc2460c810d42e205d16d76799526dfa8c8ccd50e74959"},
    {file = "zope.interface-5.4.0-cp27-cp27mu-manylinux2010_i686.whl", hash = "sha256:af310ec8335016b5e52cae60cda4a4f2a60a788cbb949a4fbea13d441aa5a09e"},
    {file = "zope.interface-5.4.0-cp27-cp27mu-manylinux2010_x86_64.whl", hash = "sha256:9a9845c4c6bb56e508651f005c4aeb0404e518c6f000d5a1123ab077ab769f5c"},
    {file = "zope.interface-5.4.0-cp35-cp35m-manylinux1_i686.whl", hash = "sha256:0b465ae0962d49c68aa9733ba92a001b2a0933c317780435f00be7ecb959c702"},
    {file = "zope.interface-5.4.0-cp35-cp35m-manylinux1_x86_64.whl", hash = "sha256:5dd9ca406499444f4c8299f803d4a14edf7890ecc595c8b1c7115c2342cadc5f"},
    {file = "zope.interface-5.4.0-cp35-cp35m-manylinux2010_i686.whl", hash = "sha256:469e2407e0fe9880ac690a3666f03eb4c3c444411a5a5fddfdabc5d184a79f05"},
    {file = "zope.interface-5.4.0-cp35-cp35m-manylinux2010_x86_64.whl", hash = "sha256:52de7fc6c21b419078008f697fd4103dbc763288b1406b4562554bd47514c004"},
    {file = "zope.interface-5.4.0-cp35-cp35m-manylinux2014_aarch64.whl", hash = "sha256:3dd4952748521205697bc2802e4afac5ed4b02909bb799ba1fe239f77fd4e117"},
    {file = "zope.interface-5.4.0-cp35-cp35m-win32.whl", hash = "sha256:dd93ea5c0c7f3e25335ab7d22a507b1dc43976e1345508f845efc573d3d779d8"},
    {file = "zope.interface-5.4.0-cp35-cp35m-win_amd64.whl", hash = "sha256:3748fac0d0f6a304e674955ab1365d515993b3a0a865e16a11ec9d86fb307f63"},
    {file = "zope.interface-5.4.0-cp36-cp36m-macosx_10_14_x86_64.whl", hash = "sha256:66c0061c91b3b9cf542131148ef7ecbecb2690d48d1612ec386de9d36766058f"},
    {file = "zope.interface-5.4.0-cp36-cp36m-manylinux1_i686.whl", hash = "sha256:d0c1bc2fa9a7285719e5678584f6b92572a5b639d0e471bb8d4b650a1a910920"},
    {file = "zope.interface-5.4.0-cp36-cp36m-manylinux1_x86_64.whl", hash = "sha256:2876246527c91e101184f63ccd1d716ec9c46519cc5f3d5375a3351c46467c46"},
    {file = "zope.interface-5.4.0-cp36-cp36m-manylinux2010_i686.whl", hash = "sha256:334701327f37c47fa628fc8b8d28c7d7730ce7daaf4bda1efb741679c2b087fc"},
    {file = "zope.interface-5.4.0-cp36-cp36m-manylinux2010_x86_64.whl", hash = "sha256:71aace0c42d53abe6fc7f726c5d3b60d90f3c5c055a447950ad6ea9cec2e37d9"},
    {file = "zope.interface-5.4.0-cp36-cp36m-manylinux2014_aarch64.whl", hash = "sha256:5bb3489b4558e49ad2c5118137cfeaf59434f9737fa9c5deefc72d22c23822e2"},
    {file = "zope.interface-5.4.0-cp36-cp36m-win32.whl", hash = "sha256:1c0e316c9add0db48a5b703833881351444398b04111188069a26a61cfb4df78"},
    {file = "zope.interface-5.4.0-cp36-cp36m-win_amd64.whl", hash = "sha256:6f0c02cbb9691b7c91d5009108f975f8ffeab5dff8f26d62e21c493060eff2a1"},
    {file = "zope.interface-5.4.0-cp37-cp37m-macosx_10_14_x86_64.whl", hash = "sha256:7d97a4306898b05404a0dcdc32d9709b7d8832c0c542b861d9a826301719794e"},
    {file = "zope.interface-5.4.0-cp37-cp37m-manylinux1_i686.whl", hash = "sha256:867a5ad16892bf20e6c4ea2aab1971f45645ff3102ad29bd84c86027fa99997b"},
    {file = "zope.interface-5.4.0-cp37-cp37m-manylinux1_x86_64.whl", hash = "sha256:5f931a1c21dfa7a9c573ec1f50a31135ccce84e32507c54e1ea404894c5eb96f"},
    {file = "zope.interface-5.4.0-cp37-cp37m-manylinux2010_i686.whl", hash = "sha256:194d0bcb1374ac3e1e023961610dc8f2c78a0f5f634d0c737691e215569e640d"},
    {file = "zope.interface-5.4.0-cp37-cp37m-manylinux2010_x86_64.whl", hash = "sha256:8270252effc60b9642b423189a2fe90eb6b59e87cbee54549db3f5562ff8d1b8"},
    {file = "zope.interface-5.4.0-cp37-cp37m-manylinux2014_aarch64.whl", hash = "sha256:15e7d1f7a6ee16572e21e3576d2012b2778cbacf75eb4b7400be37455f5ca8bf"},
    {file = "zope.interface-5.4.0-cp37-cp37m-win32.whl", hash = "sha256:8892f89999ffd992208754851e5a052f6b5db70a1e3f7d54b17c5211e37a98c7"},
    {file = "zope.interface-5.4.0-cp37-cp37m-win_amd64.whl", hash = "sha256:2e5a26f16503be6c826abca904e45f1a44ff275fdb7e9d1b75c10671c26f8b94"},
    {file = "zope.interface-5.4.0-cp38-cp38-macosx_10_14_x86_64.whl", hash = "sha256:0f91b5b948686659a8e28b728ff5e74b1be6bf40cb04704453617e5f1e945ef3"},
    {file = "zope.interface-5.4.0-cp38-cp38-manylinux1_i686.whl", hash = "sha256:4de4bc9b6d35c5af65b454d3e9bc98c50eb3960d5a3762c9438df57427134b8e"},
    {file = "zope.interface-5.4.0-cp38-cp38-manylinux1_x86_64.whl", hash = "sha256:bf68f4b2b6683e52bec69273562df15af352e5ed25d1b6641e7efddc5951d1a7"},
    {file = "zope.interface-5.4.0-cp38-cp38-manylinux2010_i686.whl", hash = "sha256:63b82bb63de7c821428d513607e84c6d97d58afd1fe2eb645030bdc185440120"},
    {file = "zope.interface-5.4.0-cp38-cp38-manylinux2010_x86_64.whl", hash = "sha256:db1fa631737dab9fa0b37f3979d8d2631e348c3b4e8325d6873c2541d0ae5a48"},
    {file = "zope.interface-5.4.0-cp38-cp38-manylinux2014_aarch64.whl", hash = "sha256:f44e517131a98f7a76696a7b21b164bcb85291cee106a23beccce454e1f433a4"},
    {file = "zope.interface-5.4.0-cp38-cp38-win32.whl", hash = "sha256:a9506a7e80bcf6eacfff7f804c0ad5350c8c95b9010e4356a4b36f5322f09abb"},
    {file = "zope.interface-5.4.0-cp38-cp38-win_amd64.whl", hash = "sha256:3c02411a3b62668200910090a0dff17c0b25aaa36145082a5a6adf08fa281e54"},
    {file = "zope.interface-5.4.0-cp39-cp39-macosx_10_14_x86_64.whl", hash = "sha256:0cee5187b60ed26d56eb2960136288ce91bcf61e2a9405660d271d1f122a69a4"},
    {file = "zope.interface-5.4.0-cp39-cp39-manylinux1_i686.whl", hash = "sha256:a8156e6a7f5e2a0ff0c5b21d6bcb45145efece1909efcbbbf48c56f8da68221d"},
    {file = "zope.interface-5.4.0-cp39-cp39-manylinux1_x86_64.whl", hash = "sha256:205e40ccde0f37496904572035deea747390a8b7dc65146d30b96e2dd1359a83"},
    {file = "zope.interface-5.4.0-cp39-cp39-manylinux2010_i686.whl", hash = "sha256:3f24df7124c323fceb53ff6168da70dbfbae1442b4f3da439cd441681f54fe25"},
    {file = "zope.interface-5.4.0-cp39-cp39-manylinux2010_x86_64.whl", hash = "sha256:5208ebd5152e040640518a77827bdfcc73773a15a33d6644015b763b9c9febc1"},
    {file = "zope.interface-5.4.0-cp39-cp39-manylinux2014_aarch64.whl", hash = "sha256:17776ecd3a1fdd2b2cd5373e5ef8b307162f581c693575ec62e7c5399d80794c"},
    {file = "zope.interface-5.4.0-cp39-cp39-win32.whl", hash = "sha256:d4d9d6c1a455d4babd320203b918ccc7fcbefe308615c521062bc2ba1aa4d26e"},
    {file = "zope.interface-5.4.0-cp39-cp39-win_amd64.whl", hash = "sha256:0cba8477e300d64a11a9789ed40ee8932b59f9ee05f85276dbb4b59acee5dd09"},
    {file = "zope.interface-5.4.0.tar.gz", hash = "sha256:5dba5f530fec3f0988d83b78cc591b58c0b6eb8431a85edd1569a0539a8a5a0e"},
]
